
Microsoft Visual Studio Solution File, Format Version 12.00
# Visual Studio 2012
Project("{2150E333-8FDC-42A3-9474-1A3956D46DE8}") = "Business", "Business", "{BC486FBF-DD4A-40BD-B3BE-66548DC8AF80}"
EndProject
Project("{2150E333-8FDC-42A3-9474-1A3956D46DE8}") = "Hosts", "Hosts", "{2566FD6D-E2BE-4060-9D6B-5783D6E67BDA}"
EndProject
Project("{2150E333-8FDC-42A3-9474-1A3956D46DE8}") = "Shared", "Shared", "{6E37ADB9-4161-4BD1-81FE-D355C0FA46D5}"
EndProject
Project("{FAE04EC0-301F-11D3-BF4B-00C04F79EFBC}") = "fMessagingSystem.Framework", "Shared\fMessagingSystem.Framework\fMessagingSystem.Framework.csproj", "{A7DB8BAF-17F1-49F3-B76A-850BDBEB1FE3}"
EndProject
Project("{FAE04EC0-301F-11D3-BF4B-00C04F79EFBC}") = "fMessagingSystem.Entities", "Business\fMessagingSystem.Entities\fMessagingSystem.Entities.csproj", "{D92153D2-DB63-4635-94C4-9C78D227ECB0}"
EndProject
Project("{2150E333-8FDC-42A3-9474-1A3956D46DE8}") = "Data", "Data", "{EAF8D235-39E1-47BD-A12D-AB3E6AF93E99}"
EndProject
Project("{FAE04EC0-301F-11D3-BF4B-00C04F79EFBC}") = "fMessagingSystem.Data", "Data\fMessagingSystem.Data\fMessagingSystem.Data.csproj", "{A5E85277-F108-4E7C-9C51-2A9A749B3B65}"
	ProjectSection(ProjectDependencies) = postProject
		{A7DB8BAF-17F1-49F3-B76A-850BDBEB1FE3} = {A7DB8BAF-17F1-49F3-B76A-850BDBEB1FE3}
		{D92153D2-DB63-4635-94C4-9C78D227ECB0} = {D92153D2-DB63-4635-94C4-9C78D227ECB0}
	EndProjectSection
EndProject
Project("{FAE04EC0-301F-11D3-BF4B-00C04F79EFBC}") = "fMessagingSystem.Business", "Business\fMessagingSystem.Business\fMessagingSystem.Business.csproj", "{91C44DCE-1F60-4DDE-8382-292E1B5747A8}"
	ProjectSection(ProjectDependencies) = postProject
		{A5E85277-F108-4E7C-9C51-2A9A749B3B65} = {A5E85277-F108-4E7C-9C51-2A9A749B3B65}
		{A7DB8BAF-17F1-49F3-B76A-850BDBEB1FE3} = {A7DB8BAF-17F1-49F3-B76A-850BDBEB1FE3}
		{D92153D2-DB63-4635-94C4-9C78D227ECB0} = {D92153D2-DB63-4635-94C4-9C78D227ECB0}
	EndProjectSection
EndProject
Project("{2150E333-8FDC-42A3-9474-1A3956D46DE8}") = "Services", "Services", "{54080D44-C024-4307-9E0D-5BE12CFF43FF}"
EndProject
Project("{FAE04EC0-301F-11D3-BF4B-00C04F79EFBC}") = "fMessagingSystem.Services.Contracts", "Services\fMessagingSystem.Services.Contracts\fMessagingSystem.Services.Contracts.csproj", "{26E970DB-BD89-4475-BF12-D67F4FFAE921}"
	ProjectSection(ProjectDependencies) = postProject
		{A5E85277-F108-4E7C-9C51-2A9A749B3B65} = {A5E85277-F108-4E7C-9C51-2A9A749B3B65}
		{A7DB8BAF-17F1-49F3-B76A-850BDBEB1FE3} = {A7DB8BAF-17F1-49F3-B76A-850BDBEB1FE3}
		{91C44DCE-1F60-4DDE-8382-292E1B5747A8} = {91C44DCE-1F60-4DDE-8382-292E1B5747A8}
		{D92153D2-DB63-4635-94C4-9C78D227ECB0} = {D92153D2-DB63-4635-94C4-9C78D227ECB0}
	EndProjectSection
EndProject
Project("{FAE04EC0-301F-11D3-BF4B-00C04F79EFBC}") = "fMessagingSystem.Services", "Services\fMessagingSystem.Services\fMessagingSystem.Services.csproj", "{C1A9A690-78CC-4278-976C-02EFD7F3352C}"
	ProjectSection(ProjectDependencies) = postProject
		{A5E85277-F108-4E7C-9C51-2A9A749B3B65} = {A5E85277-F108-4E7C-9C51-2A9A749B3B65}
		{A7DB8BAF-17F1-49F3-B76A-850BDBEB1FE3} = {A7DB8BAF-17F1-49F3-B76A-850BDBEB1FE3}
		{91C44DCE-1F60-4DDE-8382-292E1B5747A8} = {91C44DCE-1F60-4DDE-8382-292E1B5747A8}
		{D92153D2-DB63-4635-94C4-9C78D227ECB0} = {D92153D2-DB63-4635-94C4-9C78D227ECB0}
		{26E970DB-BD89-4475-BF12-D67F4FFAE921} = {26E970DB-BD89-4475-BF12-D67F4FFAE921}
	EndProjectSection
EndProject
Project("{2150E333-8FDC-42A3-9474-1A3956D46DE8}") = ".nuget", ".nuget", "{DF911C67-1BF2-43F0-9B28-30DA002180F4}"
	ProjectSection(SolutionItems) = preProject
		.nuget\NuGet.Config = .nuget\NuGet.Config
		.nuget\NuGet.exe = .nuget\NuGet.exe
		.nuget\NuGet.targets = .nuget\NuGet.targets
	EndProjectSection
EndProject
Project("{2150E333-8FDC-42A3-9474-1A3956D46DE8}") = "SMSProcessor", "SMSProcessor", "{5FACDBF5-D364-403B-9BAC-2DE5C03D1FC2}"
EndProject
Project("{2150E333-8FDC-42A3-9474-1A3956D46DE8}") = "Tests", "Tests", "{1D6A4E33-2C12-44FB-9975-FEB69A3011C3}"
EndProject
Project("{FAE04EC0-301F-11D3-BF4B-00C04F79EFBC}") = "UnitTestProject", "Tests\UnitTestProject\UnitTestProject.csproj", "{DCDDCA75-C86A-4B89-8F02-1AACBB424A9C}"
	ProjectSection(ProjectDependencies) = postProject
		{CE119D2D-F9B6-4FCF-B527-40CAEAEF029C} = {CE119D2D-F9B6-4FCF-B527-40CAEAEF029C}
		{FC58C62F-C16F-4EE0-9AEF-9855C5129C5D} = {FC58C62F-C16F-4EE0-9AEF-9855C5129C5D}
		{A5E85277-F108-4E7C-9C51-2A9A749B3B65} = {A5E85277-F108-4E7C-9C51-2A9A749B3B65}
		{C1A9A690-78CC-4278-976C-02EFD7F3352C} = {C1A9A690-78CC-4278-976C-02EFD7F3352C}
		{A7DB8BAF-17F1-49F3-B76A-850BDBEB1FE3} = {A7DB8BAF-17F1-49F3-B76A-850BDBEB1FE3}
		{6C39EBB9-DC69-4039-8BDC-6AAE0ABA7FA3} = {6C39EBB9-DC69-4039-8BDC-6AAE0ABA7FA3}
		{91C44DCE-1F60-4DDE-8382-292E1B5747A8} = {91C44DCE-1F60-4DDE-8382-292E1B5747A8}
		{D92153D2-DB63-4635-94C4-9C78D227ECB0} = {D92153D2-DB63-4635-94C4-9C78D227ECB0}
		{26E970DB-BD89-4475-BF12-D67F4FFAE921} = {26E970DB-BD89-4475-BF12-D67F4FFAE921}
		{E397B0E0-2A4C-4066-B856-A5487941EA17} = {E397B0E0-2A4C-4066-B856-A5487941EA17}
	EndProjectSection
EndProject
Project("{FAE04EC0-301F-11D3-BF4B-00C04F79EFBC}") = "B2C", "B2C\B2C.csproj", "{E397B0E0-2A4C-4066-B856-A5487941EA17}"
	ProjectSection(ProjectDependencies) = postProject
		{A5E85277-F108-4E7C-9C51-2A9A749B3B65} = {A5E85277-F108-4E7C-9C51-2A9A749B3B65}
		{C1A9A690-78CC-4278-976C-02EFD7F3352C} = {C1A9A690-78CC-4278-976C-02EFD7F3352C}
		{A7DB8BAF-17F1-49F3-B76A-850BDBEB1FE3} = {A7DB8BAF-17F1-49F3-B76A-850BDBEB1FE3}
		{91C44DCE-1F60-4DDE-8382-292E1B5747A8} = {91C44DCE-1F60-4DDE-8382-292E1B5747A8}
		{D92153D2-DB63-4635-94C4-9C78D227ECB0} = {D92153D2-DB63-4635-94C4-9C78D227ECB0}
		{26E970DB-BD89-4475-BF12-D67F4FFAE921} = {26E970DB-BD89-4475-BF12-D67F4FFAE921}
	EndProjectSection
EndProject
Project("{FAE04EC0-301F-11D3-BF4B-00C04F79EFBC}") = "fMessagingSystem.Hosts.WcfHost", "Hosts\fMessagingSystem.Hosts.WcfHost\fMessagingSystem.Hosts.WcfHost.csproj", "{6C39EBB9-DC69-4039-8BDC-6AAE0ABA7FA3}"
	ProjectSection(ProjectDependencies) = postProject
		{CE119D2D-F9B6-4FCF-B527-40CAEAEF029C} = {CE119D2D-F9B6-4FCF-B527-40CAEAEF029C}
		{FC58C62F-C16F-4EE0-9AEF-9855C5129C5D} = {FC58C62F-C16F-4EE0-9AEF-9855C5129C5D}
		{A5E85277-F108-4E7C-9C51-2A9A749B3B65} = {A5E85277-F108-4E7C-9C51-2A9A749B3B65}
		{C1A9A690-78CC-4278-976C-02EFD7F3352C} = {C1A9A690-78CC-4278-976C-02EFD7F3352C}
		{A7DB8BAF-17F1-49F3-B76A-850BDBEB1FE3} = {A7DB8BAF-17F1-49F3-B76A-850BDBEB1FE3}
		{91C44DCE-1F60-4DDE-8382-292E1B5747A8} = {91C44DCE-1F60-4DDE-8382-292E1B5747A8}
		{D92153D2-DB63-4635-94C4-9C78D227ECB0} = {D92153D2-DB63-4635-94C4-9C78D227ECB0}
		{26E970DB-BD89-4475-BF12-D67F4FFAE921} = {26E970DB-BD89-4475-BF12-D67F4FFAE921}
		{E397B0E0-2A4C-4066-B856-A5487941EA17} = {E397B0E0-2A4C-4066-B856-A5487941EA17}
	EndProjectSection
EndProject
Project("{FAE04EC0-301F-11D3-BF4B-00C04F79EFBC}") = "MutexManager", "SMSProcessor\MutexManager\MutexManager.csproj", "{CE119D2D-F9B6-4FCF-B527-40CAEAEF029C}"
EndProject
Project("{FAE04EC0-301F-11D3-BF4B-00C04F79EFBC}") = "SMSGateway", "SMSProcessor\SMSGateway\SMSGateway.csproj", "{FC58C62F-C16F-4EE0-9AEF-9855C5129C5D}"
	ProjectSection(ProjectDependencies) = postProject
		{A5E85277-F108-4E7C-9C51-2A9A749B3B65} = {A5E85277-F108-4E7C-9C51-2A9A749B3B65}
		{E397B0E0-2A4C-4066-B856-A5487941EA17} = {E397B0E0-2A4C-4066-B856-A5487941EA17}
	EndProjectSection
EndProject
Project("{FAE04EC0-301F-11D3-BF4B-00C04F79EFBC}") = "SMSServer", "SMSServer\SMSServer.csproj", "{5FD727BE-F0A8-4529-AB36-082DFF19EF62}"
EndProject
Global 
	GlobalSection(SolutionConfigurationPlatforms) = preSolution
		Debug|Any CPU = Debug|Any CPU
		Release|Any CPU = Release|Any CPU
	EndGlobalSection
	GlobalSection(ProjectConfigurationPlatforms) = postSolution
		{A7DB8BAF-17F1-49F3-B76A-850BDBEB1FE3}.Debug|Any CPU.ActiveCfg = Debug|Any CPU
		{A7DB8BAF-17F1-49F3-B76A-850BDBEB1FE3}.Debug|Any CPU.Build.0 = Debug|Any CPU
		{A7DB8BAF-17F1-49F3-B76A-850BDBEB1FE3}.Release|Any CPU.ActiveCfg = Release|Any CPU
		{A7DB8BAF-17F1-49F3-B76A-850BDBEB1FE3}.Release|Any CPU.Build.0 = Release|Any CPU
		{D92153D2-DB63-4635-94C4-9C78D227ECB0}.Debug|Any CPU.ActiveCfg = Debug|Any CPU
		{D92153D2-DB63-4635-94C4-9C78D227ECB0}.Debug|Any CPU.Build.0 = Debug|Any CPU
		{D92153D2-DB63-4635-94C4-9C78D227ECB0}.Release|Any CPU.ActiveCfg = Release|Any CPU
		{D92153D2-DB63-4635-94C4-9C78D227ECB0}.Release|Any CPU.Build.0 = Release|Any CPU
		{A5E85277-F108-4E7C-9C51-2A9A749B3B65}.Debug|Any CPU.ActiveCfg = Debug|Any CPU
		{A5E85277-F108-4E7C-9C51-2A9A749B3B65}.Debug|Any CPU.Build.0 = Debug|Any CPU
		{A5E85277-F108-4E7C-9C51-2A9A749B3B65}.Release|Any CPU.ActiveCfg = Release|Any CPU
		{A5E85277-F108-4E7C-9C51-2A9A749B3B65}.Release|Any CPU.Build.0 = Release|Any CPU
		{91C44DCE-1F60-4DDE-8382-292E1B5747A8}.Debug|Any CPU.ActiveCfg = Debug|Any CPU
		{91C44DCE-1F60-4DDE-8382-292E1B5747A8}.Debug|Any CPU.Build.0 = Debug|Any CPU
		{91C44DCE-1F60-4DDE-8382-292E1B5747A8}.Release|Any CPU.ActiveCfg = Release|Any CPU
		{91C44DCE-1F60-4DDE-8382-292E1B5747A8}.Release|Any CPU.Build.0 = Release|Any CPU
		{26E970DB-BD89-4475-BF12-D67F4FFAE921}.Debug|Any CPU.ActiveCfg = Debug|Any CPU
		{26E970DB-BD89-4475-BF12-D67F4FFAE921}.Debug|Any CPU.Build.0 = Debug|Any CPU
		{26E970DB-BD89-4475-BF12-D67F4FFAE921}.Release|Any CPU.ActiveCfg = Release|Any CPU
		{26E970DB-BD89-4475-BF12-D67F4FFAE921}.Release|Any CPU.Build.0 = Release|Any CPU
		{C1A9A690-78CC-4278-976C-02EFD7F3352C}.Debug|Any CPU.ActiveCfg = Debug|Any CPU
		{C1A9A690-78CC-4278-976C-02EFD7F3352C}.Debug|Any CPU.Build.0 = Debug|Any CPU
		{C1A9A690-78CC-4278-976C-02EFD7F3352C}.Release|Any CPU.ActiveCfg = Release|Any CPU
		{C1A9A690-78CC-4278-976C-02EFD7F3352C}.Release|Any CPU.Build.0 = Release|Any CPU
		{DCDDCA75-C86A-4B89-8F02-1AACBB424A9C}.Debug|Any CPU.ActiveCfg = Debug|Any CPU
		{DCDDCA75-C86A-4B89-8F02-1AACBB424A9C}.Debug|Any CPU.Build.0 = Debug|Any CPU
		{DCDDCA75-C86A-4B89-8F02-1AACBB424A9C}.Release|Any CPU.ActiveCfg = Release|Any CPU
		{DCDDCA75-C86A-4B89-8F02-1AACBB424A9C}.Release|Any CPU.Build.0 = Release|Any CPU
		{E397B0E0-2A4C-4066-B856-A5487941EA17}.Debug|Any CPU.ActiveCfg = Debug|Any CPU
		{E397B0E0-2A4C-4066-B856-A5487941EA17}.Debug|Any CPU.Build.0 = Debug|Any CPU
		{E397B0E0-2A4C-4066-B856-A5487941EA17}.Release|Any CPU.ActiveCfg = Release|Any CPU
		{E397B0E0-2A4C-4066-B856-A5487941EA17}.Release|Any CPU.Build.0 = Release|Any CPU
		{6C39EBB9-DC69-4039-8BDC-6AAE0ABA7FA3}.Debug|Any CPU.ActiveCfg = Debug|Any CPU
		{6C39EBB9-DC69-4039-8BDC-6AAE0ABA7FA3}.Debug|Any CPU.Build.0 = Debug|Any CPU
		{6C39EBB9-DC69-4039-8BDC-6AAE0ABA7FA3}.Release|Any CPU.ActiveCfg = Release|Any CPU
		{6C39EBB9-DC69-4039-8BDC-6AAE0ABA7FA3}.Release|Any CPU.Build.0 = Release|Any CPU
		{CE119D2D-F9B6-4FCF-B527-40CAEAEF029C}.Debug|Any CPU.ActiveCfg = Debug|Any CPU
		{CE119D2D-F9B6-4FCF-B527-40CAEAEF029C}.Debug|Any CPU.Build.0 = Debug|Any CPU
		{CE119D2D-F9B6-4FCF-B527-40CAEAEF029C}.Release|Any CPU.ActiveCfg = Release|Any CPU
		{CE119D2D-F9B6-4FCF-B527-40CAEAEF029C}.Release|Any CPU.Build.0 = Release|Any CPU
		{FC58C62F-C16F-4EE0-9AEF-9855C5129C5D}.Debug|Any CPU.ActiveCfg = Debug|Any CPU
		{FC58C62F-C16F-4EE0-9AEF-9855C5129C5D}.Debug|Any CPU.Build.0 = Debug|Any CPU
		{FC58C62F-C16F-4EE0-9AEF-9855C5129C5D}.Release|Any CPU.ActiveCfg = Release|Any CPU
		{FC58C62F-C16F-4EE0-9AEF-9855C5129C5D}.Release|Any CPU.Build.0 = Release|Any CPU
		{5FD727BE-F0A8-4529-AB36-082DFF19EF62}.Debug|Any CPU.ActiveCfg = Debug|Any CPU
		{5FD727BE-F0A8-4529-AB36-082DFF19EF62}.Debug|Any CPU.Build.0 = Debug|Any CPU
		{5FD727BE-F0A8-4529-AB36-082DFF19EF62}.Release|Any CPU.ActiveCfg = Release|Any CPU
		{5FD727BE-F0A8-4529-AB36-082DFF19EF62}.Release|Any CPU.Build.0 = Release|Any CPU
	EndGlobalSection
	GlobalSection(SolutionProperties) = preSolution
		HideSolutionNode = FALSE
	EndGlobalSection
	GlobalSection(NestedProjects) = preSolution
		{D92153D2-DB63-4635-94C4-9C78D227ECB0} = {BC486FBF-DD4A-40BD-B3BE-66548DC8AF80}
		{91C44DCE-1F60-4DDE-8382-292E1B5747A8} = {BC486FBF-DD4A-40BD-B3BE-66548DC8AF80}
		{6C39EBB9-DC69-4039-8BDC-6AAE0ABA7FA3} = {2566FD6D-E2BE-4060-9D6B-5783D6E67BDA}
		{5FD727BE-F0A8-4529-AB36-082DFF19EF62} = {2566FD6D-E2BE-4060-9D6B-5783D6E67BDA}
		{A7DB8BAF-17F1-49F3-B76A-850BDBEB1FE3} = {6E37ADB9-4161-4BD1-81FE-D355C0FA46D5}
		{A5E85277-F108-4E7C-9C51-2A9A749B3B65} = {EAF8D235-39E1-47BD-A12D-AB3E6AF93E99}
		{26E970DB-BD89-4475-BF12-D67F4FFAE921} = {54080D44-C024-4307-9E0D-5BE12CFF43FF}
		{C1A9A690-78CC-4278-976C-02EFD7F3352C} = {54080D44-C024-4307-9E0D-5BE12CFF43FF}
		{CE119D2D-F9B6-4FCF-B527-40CAEAEF029C} = {5FACDBF5-D364-403B-9BAC-2DE5C03D1FC2}
		{FC58C62F-C16F-4EE0-9AEF-9855C5129C5D} = {5FACDBF5-D364-403B-9BAC-2DE5C03D1FC2}
		{DCDDCA75-C86A-4B89-8F02-1AACBB424A9C} = {1D6A4E33-2C12-44FB-9975-FEB69A3011C3}
	EndGlobalSection
	GlobalSection(ExtensibilityGlobals) = postSolution
		EnterpriseLibraryConfigurationToolBinariesPathV6 = packages\EnterpriseLibrary.Common.6.0.1304.0\lib\NET45;packages\EnterpriseLibrary.Logging.6.0.1304.0\lib\NET45;packages\EnterpriseLibrary.Data.6.0.1304.0\lib\NET45;packages\EnterpriseLibrary.ExceptionHandling.6.0.1304.0\lib\NET45;packages\EnterpriseLibrary.Validation.6.0.1304.0\lib\NET45;packages\EnterpriseLibrary.ExceptionHandling.Logging.6.0.1304.0\lib\NET45;packages\EnterpriseLibrary.Logging.Database.6.0.1304.0\lib\NET45;packages\EnterpriseLibrary.ExceptionHandling.WCF.6.0.1304.0\lib\NET45;packages\EnterpriseLibrary.PolicyInjection.6.0.1304.0\lib\NET45;packages\EnterpriseLibrary.Validation.Integration.WCF.6.0.1304.0\lib\NET45;packages\EnterpriseLibrary.TransientFaultHandling.6.0.1304.0\lib\portable-net45+win+wp8;packages\EnterpriseLibrary.TransientFaultHandling.Data.6.0.1304.1\lib\NET45
	EndGlobalSection
EndGlobal
